
Microsoft Visual Studio Solution File, Format Version 12.00
# Visual Studio Version 17
VisualStudioVersion = 17.6.33815.320
MinimumVisualStudioVersion = 10.0.40219.1
Project("{FAE04EC0-301F-11D3-BF4B-00C04F79EFBC}") = "PR_3", "PR_3\PR_3.csproj", "{91A08025-380E-478E-A728-0CF27652C270}"
EndProject
Global
	GlobalSection(SolutionConfigurationPlatforms) = preSolution
		Debug|Any CPU = Debug|Any CPU
		Release|Any CPU = Release|Any CPU
	EndGlobalSection
	GlobalSection(ProjectConfigurationPlatforms) = postSolution
		{91A08025-380E-478E-A728-0CF27652C270}.Debug|Any CPU.ActiveCfg = Debug|Any CPU
		{91A08025-380E-478E-A728-0CF27652C270}.Debug|Any CPU.Build.0 = Debug|Any CPU
		{91A08025-380E-478E-A728-0CF27652C270}.Release|Any CPU.ActiveCfg = Release|Any CPU
		{91A08025-380E-478E-A728-0CF27652C270}.Release|Any CPU.Build.0 = Release|Any CPU
	EndGlobalSection
	GlobalSection(SolutionProperties) = preSolution
		HideSolutionNode = FALSE
	EndGlobalSection
	GlobalSection(ExtensibilityGlobals) = postSolution
		SolutionGuid = {DF856B11-6E41-4876-B800-D6F8584C15AF}
	EndGlobalSection
EndGlobal
